{
  "requires": true,
  "lockfileVersion": 1,
  "dependencies": {
    "three": {
      "version": "0.121.1",
      "resolved": "https://registry.npmjs.org/three/-/three-0.121.1.tgz",
      "integrity": "sha512-+rYhNpW5W1aBdLkPQDld/GA4Sj/uOKJJKVpCAZUbpk/HZEiYRUlPt8+s+9nmxRglWmRHdBa3ERvUwqg4nmoA5w=="
    },
    "three.interaction": {
      "version": "0.2.3",
      "resolved": "https://registry.npmjs.org/three.interaction/-/three.interaction-0.2.3.tgz",
      "integrity": "sha512-gipj4E9WSASSys3SC5uU8HPmHodTDYmggJqKN5yjl6S2vG966EkGLu67jkXQoyB/yvGx38C72vHwdjICAh+avg=="
    }
  }
}
